
Microsoft Visual Studio Solution File, Format Version 12.00
# Visual Studio Version 17
VisualStudioVersion = 17.10.35122.118
MinimumVisualStudioVersion = 10.0.40219.1
Project("{FAE04EC0-301F-11D3-BF4B-00C04F79EFBC}") = "ProjWork", "ProjWork\ProjWork.csproj", "{6AD55C39-7170-4773-AC67-65D26923052F}"
EndProject
Project("{2150E333-8FDC-42A3-9474-1A3956D46DE8}") = "Solution Items", "Solution Items", "{FD797B50-E12D-4072-A7A9-70128276090B}"
	ProjectSection(SolutionItems) = preProject
		.editorconfig = .editorconfig
	EndProjectSection
EndProject
Global
	GlobalSection(SolutionConfigurationPlatforms) = preSolution
		Debug|Any CPU = Debug|Any CPU
		Release|Any CPU = Release|Any CPU
	EndGlobalSection
	GlobalSection(ProjectConfigurationPlatforms) = postSolution
		{6AD55C39-7170-4773-AC67-65D26923052F}.Debug|Any CPU.ActiveCfg = Debug|Any CPU
		{6AD55C39-7170-4773-AC67-65D26923052F}.Debug|Any CPU.Build.0 = Debug|Any CPU
		{6AD55C39-7170-4773-AC67-65D26923052F}.Release|Any CPU.ActiveCfg = Release|Any CPU
		{6AD55C39-7170-4773-AC67-65D26923052F}.Release|Any CPU.Build.0 = Release|Any CPU
	EndGlobalSection
	GlobalSection(SolutionProperties) = preSolution
		HideSolutionNode = FALSE
	EndGlobalSection
	GlobalSection(ExtensibilityGlobals) = postSolution
		SolutionGuid = {579D047F-56D6-47BB-B451-DAD63A4BCB74}
	EndGlobalSection
EndGlobal
